// !$*UTF8*$!
{
	archiveVersion = 1;
	classes = {
	};
	objectVersion = 50;
	objects = {

/* Begin PBXBuildFile section */
		841D7EA7239EFBCC00F9F49E /* DataSource.swift in Sources */ = {isa = PBXBuildFile; fileRef = 841D7EA6239EFBCC00F9F49E /* DataSource.swift */; };
		841DA73B239FA47F001A9CF1 /* Coordinator.swift in Sources */ = {isa = PBXBuildFile; fileRef = 841DA73A239FA47F001A9CF1 /* Coordinator.swift */; };
		841DA73D239FA4E9001A9CF1 /* MainCoordinator.swift in Sources */ = {isa = PBXBuildFile; fileRef = 841DA73C239FA4E9001A9CF1 /* MainCoordinator.swift */; };
		841DA73F239FA5B7001A9CF1 /* Storyboarded.swift in Sources */ = {isa = PBXBuildFile; fileRef = 841DA73E239FA5B7001A9CF1 /* Storyboarded.swift */; };
		841DA741239FAC95001A9CF1 /* DetailsCoordinator.swift in Sources */ = {isa = PBXBuildFile; fileRef = 841DA740239FAC95001A9CF1 /* DetailsCoordinator.swift */; };
		841E18C1239C570E00FF5912 /* NetworkManager.swift in Sources */ = {isa = PBXBuildFile; fileRef = 841E18C0239C570E00FF5912 /* NetworkManager.swift */; };
		841E18C6239C5EEE00FF5912 /* PersistenceService.swift in Sources */ = {isa = PBXBuildFile; fileRef = 841E18C5239C5EEE00FF5912 /* PersistenceService.swift */; };
		842322B42397D6A60089417F /* Author+CoreDataClass.swift in Sources */ = {isa = PBXBuildFile; fileRef = 842322B22397D6A60089417F /* Author+CoreDataClass.swift */; };
		842322B52397D6A60089417F /* Author+CoreDataProperties.swift in Sources */ = {isa = PBXBuildFile; fileRef = 842322B32397D6A60089417F /* Author+CoreDataProperties.swift */; };
		84C5507E2396FD3800218C2D /* AppDelegate.swift in Sources */ = {isa = PBXBuildFile; fileRef = 84C5507D2396FD3800218C2D /* AppDelegate.swift */; };
		84C550802396FD3800218C2D /* ViewController.swift in Sources */ = {isa = PBXBuildFile; fileRef = 84C5507F2396FD3800218C2D /* ViewController.swift */; };
		84C550832396FD3800218C2D /* Main.storyboard in Resources */ = {isa = PBXBuildFile; fileRef = 84C550812396FD3800218C2D /* Main.storyboard */; };
		84C550852396FD3A00218C2D /* Assets.xcassets in Resources */ = {isa = PBXBuildFile; fileRef = 84C550842396FD3A00218C2D /* Assets.xcassets */; };
		84C550882396FD3A00218C2D /* LaunchScreen.storyboard in Resources */ = {isa = PBXBuildFile; fileRef = 84C550862396FD3A00218C2D /* LaunchScreen.storyboard */; };
		84C550902396FDD800218C2D /* DetailViewController.swift in Sources */ = {isa = PBXBuildFile; fileRef = 84C5508F2396FDD800218C2D /* DetailViewController.swift */; };
		84C550932396FE7A00218C2D /* Project38.xcdatamodeld in Sources */ = {isa = PBXBuildFile; fileRef = 84C550912396FE7A00218C2D /* Project38.xcdatamodeld */; };
		84C550962397000600218C2D /* CoreData.framework in Frameworks */ = {isa = PBXBuildFile; fileRef = 84C550952397000600218C2D /* CoreData.framework */; };
		84C550982397020300218C2D /* SwiftyJSON.swift in Sources */ = {isa = PBXBuildFile; fileRef = 84C550972397020300218C2D /* SwiftyJSON.swift */; };
		84C550AB23972E6100218C2D /* Commit+CoreDataClass.swift in Sources */ = {isa = PBXBuildFile; fileRef = 84C550A723972E6100218C2D /* Commit+CoreDataClass.swift */; };
		84C550AC23972E6100218C2D /* Commit+CoreDataProperties.swift in Sources */ = {isa = PBXBuildFile; fileRef = 84C550A823972E6100218C2D /* Commit+CoreDataProperties.swift */; };
/* End PBXBuildFile section */

/* Begin PBXFileReference section */
		841D7EA6239EFBCC00F9F49E /* DataSource.swift */ = {isa = PBXFileReference; lastKnownFileType = sourcecode.swift; path = DataSource.swift; sourceTree = "<group>"; };
		841DA73A239FA47F001A9CF1 /* Coordinator.swift */ = {isa = PBXFileReference; lastKnownFileType = sourcecode.swift; path = Coordinator.swift; sourceTree = "<group>"; };
		841DA73C239FA4E9001A9CF1 /* MainCoordinator.swift */ = {isa = PBXFileReference; lastKnownFileType = sourcecode.swift; path = MainCoordinator.swift; sourceTree = "<group>"; };
		841DA73E239FA5B7001A9CF1 /* Storyboarded.swift */ = {isa = PBXFileReference; lastKnownFileType = sourcecode.swift; path = Storyboarded.swift; sourceTree = "<group>"; };
		841DA740239FAC95001A9CF1 /* DetailsCoordinator.swift */ = {isa = PBXFileReference; lastKnownFileType = sourcecode.swift; path = DetailsCoordinator.swift; sourceTree = "<group>"; };
		841E18C0239C570E00FF5912 /* NetworkManager.swift */ = {isa = PBXFileReference; lastKnownFileType = sourcecode.swift; path = NetworkManager.swift; sourceTree = "<group>"; };
		841E18C5239C5EEE00FF5912 /* PersistenceService.swift */ = {isa = PBXFileReference; lastKnownFileType = sourcecode.swift; path = PersistenceService.swift; sourceTree = "<group>"; };
		842322B22397D6A60089417F /* Author+CoreDataClass.swift */ = {isa = PBXFileReference; lastKnownFileType = sourcecode.swift; path = "Author+CoreDataClass.swift"; sourceTree = "<group>"; };
		842322B32397D6A60089417F /* Author+CoreDataProperties.swift */ = {isa = PBXFileReference; lastKnownFileType = sourcecode.swift; path = "Author+CoreDataProperties.swift"; sourceTree = "<group>"; };
		84C5507A2396FD3800218C2D /* Project38.app */ = {isa = PBXFileReference; explicitFileType = wrapper.application; includeInIndex = 0; path = Project38.app; sourceTree = BUILT_PRODUCTS_DIR; };
		84C5507D2396FD3800218C2D /* AppDelegate.swift */ = {isa = PBXFileReference; lastKnownFileType = sourcecode.swift; path = AppDelegate.swift; sourceTree = "<group>"; };
		84C5507F2396FD3800218C2D /* ViewController.swift */ = {isa = PBXFileReference; lastKnownFileType = sourcecode.swift; path = ViewController.swift; sourceTree = "<group>"; };
		84C550822396FD3800218C2D /* Base */ = {isa = PBXFileReference; lastKnownFileType = file.storyboard; name = Base; path = Base.lproj/Main.storyboard; sourceTree = "<group>"; };
		84C550842396FD3A00218C2D /* Assets.xcassets */ = {isa = PBXFileReference; lastKnownFileType = folder.assetcatalog; path = Assets.xcassets; sourceTree = "<group>"; };
		84C550872396FD3A00218C2D /* Base */ = {isa = PBXFileReference; lastKnownFileType = file.storyboard; name = Base; path = Base.lproj/LaunchScreen.storyboard; sourceTree = "<group>"; };
		84C550892396FD3A00218C2D /* Info.plist */ = {isa = PBXFileReference; lastKnownFileType = text.plist.xml; path = Info.plist; sourceTree = "<group>"; };
		84C5508F2396FDD800218C2D /* DetailViewController.swift */ = {isa = PBXFileReference; lastKnownFileType = sourcecode.swift; path = DetailViewController.swift; sourceTree = "<group>"; };
		84C550922396FE7A00218C2D /* Project38.xcdatamodel */ = {isa = PBXFileReference; lastKnownFileType = wrapper.xcdatamodel; path = Project38.xcdatamodel; sourceTree = "<group>"; };
		84C550952397000600218C2D /* CoreData.framework */ = {isa = PBXFileReference; lastKnownFileType = wrapper.framework; name = CoreData.framework; path = System/Library/Frameworks/CoreData.framework; sourceTree = SDKROOT; };
		84C550972397020300218C2D /* SwiftyJSON.swift */ = {isa = PBXFileReference; fileEncoding = 4; lastKnownFileType = sourcecode.swift; path = SwiftyJSON.swift; sourceTree = "<group>"; };
		84C550A723972E6100218C2D /* Commit+CoreDataClass.swift */ = {isa = PBXFileReference; lastKnownFileType = sourcecode.swift; path = "Commit+CoreDataClass.swift"; sourceTree = "<group>"; };
		84C550A823972E6100218C2D /* Commit+CoreDataProperties.swift */ = {isa = PBXFileReference; lastKnownFileType = sourcecode.swift; path = "Commit+CoreDataProperties.swift"; sourceTree = "<group>"; };
/* End PBXFileReference section */

/* Begin PBXFrameworksBuildPhase section */
		84C550772396FD3800218C2D /* Frameworks */ = {
			isa = PBXFrameworksBuildPhase;
			buildActionMask = 2147483647;
			files = (
				84C550962397000600218C2D /* CoreData.framework in Frameworks */,
			);
			runOnlyForDeploymentPostprocessing = 0;
		};
/* End PBXFrameworksBuildPhase section */

/* Begin PBXGroup section */
		841D7EA5239EFBB900F9F49E /* DataSource */ = {
			isa = PBXGroup;
			children = (
				841D7EA6239EFBCC00F9F49E /* DataSource.swift */,
			);
			path = DataSource;
			sourceTree = "<group>";
		};
		841DA739239FA46D001A9CF1 /* Coordinators */ = {
			isa = PBXGroup;
			children = (
				841DA73A239FA47F001A9CF1 /* Coordinator.swift */,
				841DA73E239FA5B7001A9CF1 /* Storyboarded.swift */,
				841DA73C239FA4E9001A9CF1 /* MainCoordinator.swift */,
				841DA740239FAC95001A9CF1 /* DetailsCoordinator.swift */,
			);
			path = Coordinators;
			sourceTree = "<group>";
		};
		841E18BC239C557800FF5912 /* CoreData */ = {
			isa = PBXGroup;
			children = (
				84C550912396FE7A00218C2D /* Project38.xcdatamodeld */,
				842322B22397D6A60089417F /* Author+CoreDataClass.swift */,
				842322B32397D6A60089417F /* Author+CoreDataProperties.swift */,
				84C550A723972E6100218C2D /* Commit+CoreDataClass.swift */,
				84C550A823972E6100218C2D /* Commit+CoreDataProperties.swift */,
				841E18C5239C5EEE00FF5912 /* PersistenceService.swift */,
			);
			path = CoreData;
			sourceTree = "<group>";
		};
		841E18BD239C559000FF5912 /* Controller */ = {
			isa = PBXGroup;
			children = (
				841D7EA5239EFBB900F9F49E /* DataSource */,
				84C5508F2396FDD800218C2D /* DetailViewController.swift */,
				84C5507F2396FD3800218C2D /* ViewController.swift */,
			);
			path = Controller;
			sourceTree = "<group>";
		};
		841E18BE239C55C700FF5912 /* Resources */ = {
			isa = PBXGroup;
			children = (
				84C550972397020300218C2D /* SwiftyJSON.swift */,
				84C5507D2396FD3800218C2D /* AppDelegate.swift */,
				84C550812396FD3800218C2D /* Main.storyboard */,
				84C550842396FD3A00218C2D /* Assets.xcassets */,
				84C550862396FD3A00218C2D /* LaunchScreen.storyboard */,
			);
			path = Resources;
			sourceTree = "<group>";
		};
		841E18BF239C56FD00FF5912 /* NetworkLayer */ = {
			isa = PBXGroup;
			children = (
				841E18C0239C570E00FF5912 /* NetworkManager.swift */,
			);
			path = NetworkLayer;
			sourceTree = "<group>";
		};
		84C550712396FD3800218C2D = {
			isa = PBXGroup;
			children = (
				84C5507C2396FD3800218C2D /* Project38 */,
				84C5507B2396FD3800218C2D /* Products */,
				84C550942397000600218C2D /* Frameworks */,
			);
			sourceTree = "<group>";
		};
		84C5507B2396FD3800218C2D /* Products */ = {
			isa = PBXGroup;
			children = (
				84C5507A2396FD3800218C2D /* Project38.app */,
			);
			name = Products;
			sourceTree = "<group>";
		};
		84C5507C2396FD3800218C2D /* Project38 */ = {
			isa = PBXGroup;
			children = (
				841DA739239FA46D001A9CF1 /* Coordinators */,
				841E18BF239C56FD00FF5912 /* NetworkLayer */,
				841E18BC239C557800FF5912 /* CoreData */,
				841E18BE239C55C700FF5912 /* Resources */,
				841E18BD239C559000FF5912 /* Controller */,
				84C550892396FD3A00218C2D /* Info.plist */,
			);
			path = Project38;
			sourceTree = "<group>";
		};
		84C550942397000600218C2D /* Frameworks */ = {
			isa = PBXGroup;
			children = (
				84C550952397000600218C2D /* CoreData.framework */,
			);
			name = Frameworks;
			sourceTree = "<group>";
		};
/* End PBXGroup section */

/* Begin PBXNativeTarget section */
		84C550792396FD3800218C2D /* Project38 */ = {
			isa = PBXNativeTarget;
			buildConfigurationList = 84C5508C2396FD3A00218C2D /* Build configuration list for PBXNativeTarget "Project38" */;
			buildPhases = (
				84C550762396FD3800218C2D /* Sources */,
				84C550772396FD3800218C2D /* Frameworks */,
				84C550782396FD3800218C2D /* Resources */,
			);
			buildRules = (
			);
			dependencies = (
			);
			name = Project38;
			productName = Project38;
			productReference = 84C5507A2396FD3800218C2D /* Project38.app */;
			productType = "com.apple.product-type.application";
		};
/* End PBXNativeTarget section */

/* Begin PBXProject section */
		84C550722396FD3800218C2D /* Project object */ = {
			isa = PBXProject;
			attributes = {
				LastSwiftUpdateCheck = 1030;
				LastUpgradeCheck = 1030;
				ORGANIZATIONNAME = Niraj;
				TargetAttributes = {
					84C550792396FD3800218C2D = {
						CreatedOnToolsVersion = 10.3;
					};
				};
			};
			buildConfigurationList = 84C550752396FD3800218C2D /* Build configuration list for PBXProject "Project38" */;
			compatibilityVersion = "Xcode 9.3";
			developmentRegion = en;
			hasScannedForEncodings = 0;
			knownRegions = (
				en,
				Base,
			);
			mainGroup = 84C550712396FD3800218C2D;
			productRefGroup = 84C5507B2396FD3800218C2D /* Products */;
			projectDirPath = "";
			projectRoot = "";
			targets = (
				84C550792396FD3800218C2D /* Project38 */,
			);
		};
/* End PBXProject section */

/* Begin PBXResourcesBuildPhase section */
		84C550782396FD3800218C2D /* Resources */ = {
			isa = PBXResourcesBuildPhase;
			buildActionMask = 2147483647;
			files = (
				84C550882396FD3A00218C2D /* LaunchScreen.storyboard in Resources */,
				84C550852396FD3A00218C2D /* Assets.xcassets in Resources */,
				84C550832396FD3800218C2D /* Main.storyboard in Resources */,
			);
			runOnlyForDeploymentPostprocessing = 0;
		};
/* End PBXResourcesBuildPhase section */

/* Begin PBXSourcesBuildPhase section */
		84C550762396FD3800218C2D /* Sources */ = {
			isa = PBXSourcesBuildPhase;
			buildActionMask = 2147483647;
			files = (
				84C550AC23972E6100218C2D /* Commit+CoreDataProperties.swift in Sources */,
				841DA73D239FA4E9001A9CF1 /* MainCoordinator.swift in Sources */,
				841DA73F239FA5B7001A9CF1 /* Storyboarded.swift in Sources */,
				84C550AB23972E6100218C2D /* Commit+CoreDataClass.swift in Sources */,
				841DA73B239FA47F001A9CF1 /* Coordinator.swift in Sources */,
				841E18C1239C570E00FF5912 /* NetworkManager.swift in Sources */,
				841E18C6239C5EEE00FF5912 /* PersistenceService.swift in Sources */,
				842322B52397D6A60089417F /* Author+CoreDataProperties.swift in Sources */,
				84C550932396FE7A00218C2D /* Project38.xcdatamodeld in Sources */,
				841D7EA7239EFBCC00F9F49E /* DataSource.swift in Sources */,
				84C550902396FDD800218C2D /* DetailViewController.swift in Sources */,
				842322B42397D6A60089417F /* Author+CoreDataClass.swift in Sources */,
				84C550802396FD3800218C2D /* ViewController.swift in Sources */,
				841DA741239FAC95001A9CF1 /* DetailsCoordinator.swift in Sources */,
				84C550982397020300218C2D /* SwiftyJSON.swift in Sources */,
				84C5507E2396FD3800218C2D /* AppDelegate.swift in Sources */,
			);
			runOnlyForDeploymentPostprocessing = 0;
		};
/* End PBXSourcesBuildPhase section */

/* Begin PBXVariantGroup section */
		84C550812396FD3800218C2D /* Main.storyboard */ = {
			isa = PBXVariantGroup;
			children = (
				84C550822396FD3800218C2D /* Base */,
			);
			name = Main.storyboard;
			sourceTree = "<group>";
		};
		84C550862396FD3A00218C2D /* LaunchScreen.storyboard */ = {
			isa = PBXVariantGroup;
			children = (
				84C550872396FD3A00218C2D /* Base */,
			);
			name = LaunchScreen.storyboard;
			sourceTree = "<group>";
		};
/* End PBXVariantGroup section */

/* Begin XCBuildConfiguration section */
		84C5508A2396FD3A00218C2D /* Debug */ = {
			isa = XCBuildConfiguration;
			buildSettings = {
				ALWAYS_SEARCH_USER_PATHS = NO;
				CLANG_ANALYZER_NONNULL = YES;
				CLANG_ANALYZER_NUMBER_OBJECT_CONVERSION = YES_AGGRESSIVE;
				CLANG_CXX_LANGUAGE_STANDARD = "gnu++14";
				CLANG_CXX_LIBRARY = "libc++";
				CLANG_ENABLE_MODULES = YES;
				CLANG_ENABLE_OBJC_ARC = YES;
				CLANG_ENABLE_OBJC_WEAK = YES;
				CLANG_WARN_BLOCK_CAPTURE_AUTORELEASING = YES;
				CLANG_WARN_BOOL_CONVERSION = YES;
				CLANG_WARN_COMMA = YES;
				CLANG_WARN_CONSTANT_CONVERSION = YES;
				CLANG_WARN_DEPRECATED_OBJC_IMPLEMENTATIONS = YES;
				CLANG_WARN_DIRECT_OBJC_ISA_USAGE = YES_ERROR;
				CLANG_WARN_DOCUMENTATION_COMMENTS = YES;
				CLANG_WARN_EMPTY_BODY = YES;
				CLANG_WARN_ENUM_CONVERSION = YES;
				CLANG_WARN_INFINITE_RECURSION = YES;
				CLANG_WARN_INT_CONVERSION = YES;
				CLANG_WARN_NON_LITERAL_NULL_CONVERSION = YES;
				CLANG_WARN_OBJC_IMPLICIT_RETAIN_SELF = YES;
				CLANG_WARN_OBJC_LITERAL_CONVERSION = YES;
				CLANG_WARN_OBJC_ROOT_CLASS = YES_ERROR;
				CLANG_WARN_RANGE_LOOP_ANALYSIS = YES;
				CLANG_WARN_STRICT_PROTOTYPES = YES;
				CLANG_WARN_SUSPICIOUS_MOVE = YES;
				CLANG_WARN_UNGUARDED_AVAILABILITY = YES_AGGRESSIVE;
				CLANG_WARN_UNREACHABLE_CODE = YES;
				CLANG_WARN__DUPLICATE_METHOD_MATCH = YES;
				CODE_SIGN_IDENTITY = "iPhone Developer";
				COPY_PHASE_STRIP = NO;
				DEBUG_INFORMATION_FORMAT = dwarf;
				ENABLE_STRICT_OBJC_MSGSEND = YES;
				ENABLE_TESTABILITY = YES;
				GCC_C_LANGUAGE_STANDARD = gnu11;
				GCC_DYNAMIC_NO_PIC = NO;
				GCC_NO_COMMON_BLOCKS = YES;
				GCC_OPTIMIZATION_LEVEL = 0;
				GCC_PREPROCESSOR_DEFINITIONS = (
					"DEBUG=1",
					"$(inherited)",
				);
				GCC_WARN_64_TO_32_BIT_CONVERSION = YES;
				GCC_WARN_ABOUT_RETURN_TYPE = YES_ERROR;
				GCC_WARN_UNDECLARED_SELECTOR = YES;
				GCC_WARN_UNINITIALIZED_AUTOS = YES_AGGRESSIVE;
				GCC_WARN_UNUSED_FUNCTION = YES;
				GCC_WARN_UNUSED_VARIABLE = YES;
				IPHONEOS_DEPLOYMENT_TARGET = 12.4;
				MTL_ENABLE_DEBUG_INFO = INCLUDE_SOURCE;
				MTL_FAST_MATH = YES;
				ONLY_ACTIVE_ARCH = YES;
				SDKROOT = iphoneos;
				SWIFT_ACTIVE_COMPILATION_CONDITIONS = DEBUG;
				SWIFT_OPTIMIZATION_LEVEL = "-Onone";
			};
			name = Debug;
		};
		84C5508B2396FD3A00218C2D /* Release */ = {
			isa = XCBuildConfiguration;
			buildSettings = {
				ALWAYS_SEARCH_USER_PATHS = NO;
				CLANG_ANALYZER_NONNULL = YES;
				CLANG_ANALYZER_NUMBER_OBJECT_CONVERSION = YES_AGGRESSIVE;
				CLANG_CXX_LANGUAGE_STANDARD = "gnu++14";
				CLANG_CXX_LIBRARY = "libc++";
				CLANG_ENABLE_MODULES = YES;
				CLANG_ENABLE_OBJC_ARC = YES;
				CLANG_ENABLE_OBJC_WEAK = YES;
				CLANG_WARN_BLOCK_CAPTURE_AUTORELEASING = YES;
				CLANG_WARN_BOOL_CONVERSION = YES;
				CLANG_WARN_COMMA = YES;
				CLANG_WARN_CONSTANT_CONVERSION = YES;
				CLANG_WARN_DEPRECATED_OBJC_IMPLEMENTATIONS = YES;
				CLANG_WARN_DIRECT_OBJC_ISA_USAGE = YES_ERROR;
				CLANG_WARN_DOCUMENTATION_COMMENTS = YES;
				CLANG_WARN_EMPTY_BODY = YES;
				CLANG_WARN_ENUM_CONVERSION = YES;
				CLANG_WARN_INFINITE_RECURSION = YES;
				CLANG_WARN_INT_CONVERSION = YES;
				CLANG_WARN_NON_LITERAL_NULL_CONVERSION = YES;
				CLANG_WARN_OBJC_IMPLICIT_RETAIN_SELF = YES;
				CLANG_WARN_OBJC_LITERAL_CONVERSION = YES;
				CLANG_WARN_OBJC_ROOT_CLASS = YES_ERROR;
				CLANG_WARN_RANGE_LOOP_ANALYSIS = YES;
				CLANG_WARN_STRICT_PROTOTYPES = YES;
				CLANG_WARN_SUSPICIOUS_MOVE = YES;
				CLANG_WARN_UNGUARDED_AVAILABILITY = YES_AGGRESSIVE;
				CLANG_WARN_UNREACHABLE_CODE = YES;
				CLANG_WARN__DUPLICATE_METHOD_MATCH = YES;
				CODE_SIGN_IDENTITY = "iPhone Developer";
				COPY_PHASE_STRIP = NO;
				DEBUG_INFORMATION_FORMAT = "dwarf-with-dsym";
				ENABLE_NS_ASSERTIONS = NO;
				ENABLE_STRICT_OBJC_MSGSEND = YES;
				GCC_C_LANGUAGE_STANDARD = gnu11;
				GCC_NO_COMMON_BLOCKS = YES;
				GCC_WARN_64_TO_32_BIT_CONVERSION = YES;
				GCC_WARN_ABOUT_RETURN_TYPE = YES_ERROR;
				GCC_WARN_UNDECLARED_SELECTOR = YES;
				GCC_WARN_UNINITIALIZED_AUTOS = YES_AGGRESSIVE;
				GCC_WARN_UNUSED_FUNCTION = YES;
				GCC_WARN_UNUSED_VARIABLE = YES;
				IPHONEOS_DEPLOYMENT_TARGET = 12.4;
				MTL_ENABLE_DEBUG_INFO = NO;
				MTL_FAST_MATH = YES;
				SDKROOT = iphoneos;
				SWIFT_COMPILATION_MODE = wholemodule;
				SWIFT_OPTIMIZATION_LEVEL = "-O";
				VALIDATE_PRODUCT = YES;
			};
			name = Release;
		};
		84C5508D2396FD3A00218C2D /* Debug */ = {
			isa = XCBuildConfiguration;
			buildSettings = {
				ASSETCATALOG_COMPILER_APPICON_NAME = AppIcon;
				CODE_SIGN_STYLE = Automatic;
				INFOPLIST_FILE = Project38/Info.plist;
				LD_RUNPATH_SEARCH_PATHS = (
					"$(inherited)",
					"@executable_path/Frameworks",
				);
				PRODUCT_BUNDLE_IDENTIFIER = "com.tivri.-.Project38";
				PRODUCT_NAME = "$(TARGET_NAME)";
				SWIFT_VERSION = 5.0;
				TARGETED_DEVICE_FAMILY = "1,2";
			};
			name = Debug;
		};
		84C5508E2396FD3A00218C2D /* Release */ = {
			isa = XCBuildConfiguration;
			buildSettings = {
				ASSETCATALOG_COMPILER_APPICON_NAME = AppIcon;
				CODE_SIGN_STYLE = Automatic;
				INFOPLIST_FILE = Project38/Info.plist;
				LD_RUNPATH_SEARCH_PATHS = (
					"$(inherited)",
					"@executable_path/Frameworks",
				);
				PRODUCT_BUNDLE_IDENTIFIER = "com.tivri.-.Project38";
				PRODUCT_NAME = "$(TARGET_NAME)";
				SWIFT_VERSION = 5.0;
				TARGETED_DEVICE_FAMILY = "1,2";
			};
			name = Release;
		};
/* End XCBuildConfiguration section */

/* Begin XCConfigurationList section */
		84C550752396FD3800218C2D /* Build configuration list for PBXProject "Project38" */ = {
			isa = XCConfigurationList;
			buildConfigurations = (
				84C5508A2396FD3A00218C2D /* Debug */,
				84C5508B2396FD3A00218C2D /* Release */,
			);
			defaultConfigurationIsVisible = 0;
			defaultConfigurationName = Release;
		};
		84C5508C2396FD3A00218C2D /* Build configuration list for PBXNativeTarget "Project38" */ = {
			isa = XCConfigurationList;
			buildConfigurations = (
				84C5508D2396FD3A00218C2D /* Debug */,
				84C5508E2396FD3A00218C2D /* Release */,
			);
			defaultConfigurationIsVisible = 0;
			defaultConfigurationName = Release;
		};
/* End XCConfigurationList section */

/* Begin XCVersionGroup section */
		84C550912396FE7A00218C2D /* Project38.xcdatamodeld */ = {
			isa = XCVersionGroup;
			children = (
				84C550922396FE7A00218C2D /* Project38.xcdatamodel */,
			);
			currentVersion = 84C550922396FE7A00218C2D /* Project38.xcdatamodel */;
			path = Project38.xcdatamodeld;
			sourceTree = "<group>";
			versionGroupType = wrapper.xcdatamodel;
		};
/* End XCVersionGroup section */
	};
	rootObject = 84C550722396FD3800218C2D /* Project object */;
}
